Microsoft Visual Studio Solution File, Format Version 12.00
# Visual Studio Version 16
VisualStudioVersion = 16.0.31321.278
MinimumVisualStudioVersion = 10.0.40219.1
Project("{FAE04EC0-301F-11D3-BF4B-00C04F79EFBC}") = "Reflection", "Reflection\Reflection.csproj", "{018DA248-FB58-4A2F-8B77-70B4C97D08A3}"
EndProject
Global
	GlobalSection(SolutionConfigurationPlatforms) = preSolution
		Debug|Any CPU = Debug|Any CPU
		Release|Any CPU = Release|Any CPU
	EndGlobalSection
	GlobalSection(ProjectConfigurationPlatforms) = postSolution
		{018DA248-FB58-4A2F-8B77-70B4C97D08A3}.Debug|Any CPU.ActiveCfg = Debug|Any CPU
		{018DA248-FB58-4A2F-8B77-70B4C97D08A3}.Debug|Any CPU.Build.0 = Debug|Any CPU
		{018DA248-FB58-4A2F-8B77-70B4C97D08A3}.Release|Any CPU.ActiveCfg = Release|Any CPU
		{018DA248-FB58-4A2F-8B77-70B4C97D08A3}.Release|Any CPU.Build.0 = Release|Any CPU
	EndGlobalSection
	GlobalSection(SolutionProperties) = preSolution
		HideSolutionNode = FALSE
	EndGlobalSection
	GlobalSection(ExtensibilityGlobals) = postSolution
		SolutionGuid = {1000CE3B-3B97-4862-B7EC-556329BA26D9}
	EndGlobalSection
EndGlobal
