Microsoft Visual Studio Solution File, Format Version 8.00
Project("{FAE04EC0-301F-11D3-BF4B-00C04F79EFBC}") = "Reflection", "Reflection\Reflection.csproj", "{018DA248-FB58-4A2F-8B77-70B4C97D08A3}"
	ProjectSection(ProjectDependencies) = postProject
	EndProjectSection
EndProject
Global
	GlobalSection(SolutionConfiguration) = preSolution
		Debug = Debug
		Release = Release
	EndGlobalSection
	GlobalSection(ProjectConfiguration) = postSolution
		{018DA248-FB58-4A2F-8B77-70B4C97D08A3}.Debug.ActiveCfg = Debug|.NET
		{018DA248-FB58-4A2F-8B77-70B4C97D08A3}.Debug.Build.0 = Debug|.NET
		{018DA248-FB58-4A2F-8B77-70B4C97D08A3}.Release.ActiveCfg = Release|.NET
		{018DA248-FB58-4A2F-8B77-70B4C97D08A3}.Release.Build.0 = Release|.NET
	EndGlobalSection
	GlobalSection(ExtensibilityGlobals) = postSolution
	EndGlobalSection
	GlobalSection(ExtensibilityAddIns) = postSolution
	EndGlobalSection
EndGlobal
